{
  "version": 4,
  "terraform_version": "1.7.5",
  "serial": 38,
  "lineage": "2fd59692-b76d-b950-ec24-25f90f831bba",
  "outputs": {
    "cluster_location": {
      "value": "us-east1",
      "type": "string"
    },
    "cluster_name": {
      "value": "hephaestus-api-cluster",
      "type": "string"
    }
  },
  "resources": [
    {
      "mode": "data",
      "type": "google_client_config",
      "name": "current",
      "provider": "provider[\"registry.terraform.io/hashicorp/google\"]",
      "instances": [
        {
          "schema_version": 0,
          "attributes": {
            "access_token": "ya29.c.c0AY_VpZgRzFNRH8Kk0fpU0Edv2oWJq2uKuSF1uwHFPbe7srPC50EvWTEenIbnfIStGX54n_clALYebJK3lsvCGU3aQR7Lodht43WF8-TY1THZts72Li3HctH0gl_sYMFaeQvUjMR2mdMTdTxIbRlrri3vguN0rNdEraCCvJneDDMhW-OFbZ24PCs4RWSgVSdjAPpMOgorkr8qNF-a_5TGYBhLlUOQHE-HeIYSDFwodvW6lNPF_CekbX-rTKLy5hEIpAAkcHRIZ6OsU4zCm8YdoidRPfB9gcGFk_ZxQqJ6Uzi9iS1duyj0grnxF-COttH06oCCrgN7fge7QxWigK7TzwIhSoIaYa-LXHsnBYF5AABGtLb14QcDY1N6jgT387P4dQ_YaFfJ8lOVvjSjaJugjv7m5y4jBxX7ydp2128Ukie0v8n3dFi_IhY0aajuI5_kikbRO8qVS8xcndBQj90bXe191cnlpnlSVvsOe3Qx06lm6SVeIcn-M3gbZFcBuvbXz7QSqyM772cR22ajXZ3W1z3nulv4Yu_sXrVzBqmS1s-4BpahXlR1o8fo2kcYI_1c_ttB9b5sZmY-VdrxbtZkVedxcMoZ8fM8qR87yiRz3k738mbSiI8Vj2hXkOsIUYRu5JQlfXgzZUYji55Fx6timRv0j1lyjj5J9dpY3w20boxIfMdpMoqvysxubZ-vofsstbn4UIQafjyozWmWWRwqu9W25Vuwcj2mBUXWiZ09rpjhtoRZB6lfzzIp-9ss2JOvciUF9mZXYOXqQ_nfB2cJ96wn5kB1jacu2SbIxt8Wu5Oa5Z6Wm9RI7fmWh6dFq0MWWyhxI9jJIVj4fvfztM0ZZf86xl8W-0ObydOxlyg4yxa0F4aj-ttuOfO5ptVyp08In0RUn1bymFJxYfS6B7hyUlWldvoJrYeWY5Y_F6mMdgj79qFZvXQbdsojgf2mB_S8RoUb64O1pIUldpM4V512w9UzrZl7yIjvvjxyYO3YB7Yz6SOilbaOUgx",
            "id": "projects/\"hephaestus-418809\"/regions/\"us-east1\"/zones/\u003cnull\u003e",
            "project": "hephaestus-418809",
            "region": "us-east1",
            "zone": null
          },
          "sensitive_attributes": []
        }
      ]
    },
    {
      "mode": "managed",
      "type": "google_container_cluster",
      "name": "hephaestus-api-cluster",
      "provider": "provider[\"registry.terraform.io/hashicorp/google\"]",
      "instances": [
        {
          "status": "tainted",
          "schema_version": 2,
          "attributes": {
            "addons_config": null,
            "allow_net_admin": null,
            "authenticator_groups_config": null,
            "binary_authorization": [],
            "cluster_autoscaling": null,
            "cluster_ipv4_cidr": null,
            "confidential_nodes": null,
            "cost_management_config": null,
            "database_encryption": null,
            "datapath_provider": null,
            "default_max_pods_per_node": null,
            "default_snat_status": null,
            "deletion_protection": false,
            "description": null,
            "dns_config": [],
            "enable_autopilot": null,
            "enable_intranode_visibility": null,
            "enable_k8s_beta_apis": [],
            "enable_kubernetes_alpha": false,
            "enable_l4_ilb_subsetting": false,
            "enable_legacy_abac": false,
            "enable_shielded_nodes": true,
            "enable_tpu": null,
            "endpoint": null,
            "fleet": [],
            "gateway_api_config": null,
            "id": "projects/hephaestus-418809/locations/us-east1/clusters/hephaestus-api-cluster",
            "identity_service_config": null,
            "initial_node_count": null,
            "ip_allocation_policy": null,
            "label_fingerprint": null,
            "location": "us-east1",
            "logging_config": null,
            "logging_service": null,
            "maintenance_policy": [],
            "master_auth": null,
            "master_authorized_networks_config": null,
            "master_version": null,
            "mesh_certificates": null,
            "min_master_version": null,
            "monitoring_config": null,
            "monitoring_service": null,
            "name": "hephaestus-api-cluster",
            "network": "default",
            "network_policy": [],
            "networking_mode": "VPC_NATIVE",
            "node_config": null,
            "node_locations": [],
            "node_pool": [
              {
                "autoscaling": [],
                "initial_node_count": 0,
                "instance_group_urls": [],
                "managed_instance_group_urls": [],
                "management": [],
                "max_pods_per_node": 0,
                "name": "hephaestus-api-cluster-pool",
                "name_prefix": "",
                "network_config": [],
                "node_config": [
                  {
                    "advanced_machine_features": [],
                    "boot_disk_kms_key": "",
                    "confidential_nodes": [],
                    "disk_size_gb": 0,
                    "disk_type": "",
                    "effective_taints": [],
                    "enable_confidential_storage": false,
                    "ephemeral_storage_local_ssd_config": [],
                    "fast_socket": [],
                    "gcfs_config": [],
                    "guest_accelerator": [],
                    "gvnic": [],
                    "host_maintenance_policy": [],
                    "image_type": "",
                    "kubelet_config": [],
                    "labels": {},
                    "linux_node_config": [],
                    "local_nvme_ssd_block_config": [],
                    "local_ssd_count": 0,
                    "logging_variant": "",
                    "machine_type": "e2-micro",
                    "metadata": {},
                    "min_cpu_platform": "",
                    "node_group": "",
                    "oauth_scopes": [],
                    "preemptible": false,
                    "reservation_affinity": [],
                    "resource_labels": null,
                    "resource_manager_tags": null,
                    "service_account": "",
                    "shielded_instance_config": [],
                    "sole_tenant_config": [],
                    "spot": false,
                    "tags": null,
                    "taint": [],
                    "workload_metadata_config": []
                  }
                ],
                "node_count": 1,
                "node_locations": [],
                "placement_policy": [],
                "queued_provisioning": [],
                "upgrade_settings": [],
                "version": ""
              }
            ],
            "node_pool_auto_config": null,
            "node_pool_defaults": null,
            "node_version": null,
            "notification_config": null,
            "operation": null,
            "private_cluster_config": [],
            "private_ipv6_google_access": null,
            "project": null,
            "release_channel": null,
            "remove_default_node_pool": true,
            "resource_labels": null,
            "resource_usage_export_config": [],
            "security_posture_config": null,
            "self_link": null,
            "service_external_ips_config": null,
            "services_ipv4_cidr": null,
            "subnetwork": null,
            "timeouts": null,
            "tpu_ipv4_cidr_block": null,
            "vertical_pod_autoscaling": null,
            "workload_identity_config": null
          },
          "sensitive_attributes": [],
          "private": "eyJlMmJmYjczMC1lY2FhLTExZTYtOGY4OC0zNDM2M2JjN2M0YzAiOnsiY3JlYXRlIjoyNDAwMDAwMDAwMDAwLCJkZWxldGUiOjI0MDAwMDAwMDAwMDAsInJlYWQiOjI0MDAwMDAwMDAwMDAsInVwZGF0ZSI6MzYwMDAwMDAwMDAwMH0sInNjaGVtYV92ZXJzaW9uIjoiMiJ9"
        }
      ]
    }
  ],
  "check_results": null
}
